
Microsoft Visual Studio Solution File, Format Version 11.00
# Visual Studio 2010
Project("{FAE04EC0-301F-11D3-BF4B-00C04F79EFBC}") = "Nito.Weakness", "Nito.Weakness.csproj", "{685423DA-4049-4059-9E4B-E7CCEE04C472}"
EndProject
Global
	GlobalSection(SolutionConfigurationPlatforms) = preSolution
		Debug|Any CPU = Debug|Any CPU
		Release|Any CPU = Release|Any CPU
	EndGlobalSection
	GlobalSection(ProjectConfigurationPlatforms) = postSolution
		{685423DA-4049-4059-9E4B-E7CCEE04C472}.Debug|Any CPU.ActiveCfg = Debug|Any CPU
		{685423DA-4049-4059-9E4B-E7CCEE04C472}.Debug|Any CPU.Build.0 = Debug|Any CPU
		{685423DA-4049-4059-9E4B-E7CCEE04C472}.Release|Any CPU.ActiveCfg = Release|Any CPU
		{685423DA-4049-4059-9E4B-E7CCEE04C472}.Release|Any CPU.Build.0 = Release|Any CPU
	EndGlobalSection
	GlobalSection(SolutionProperties) = preSolution
		HideSolutionNode = FALSE
	EndGlobalSection
EndGlobal
