
Microsoft Visual Studio Solution File, Format Version 12.00
# Visual Studio 2012
Project("{FAE04EC0-301F-11D3-BF4B-00C04F79EFBC}") = "UnitTests", "UnitTests\UnitTests.csproj", "{8C0F09B5-00FC-46F5-A216-F3C891C9C33A}"
EndProject
Project("{2150E333-8FDC-42A3-9474-1A3956D46DE8}") = "Solution Items", "Solution Items", "{70AC4B94-780D-4E70-80A7-A5CE36A47794}"
	ProjectSection(SolutionItems) = preProject
		Local.testsettings = Local.testsettings
		Nito.ConnectedProperties.vsmdi = Nito.ConnectedProperties.vsmdi
		TraceAndTestImpact.testsettings = TraceAndTestImpact.testsettings
	EndProjectSection
EndProject
Project("{FAE04EC0-301F-11D3-BF4B-00C04F79EFBC}") = "ConnectedProperties", "ConnectedProperties\ConnectedProperties.csproj", "{A2223402-841E-460F-9071-B6B6E78E8507}"
EndProject
Project("{FAE04EC0-301F-11D3-BF4B-00C04F79EFBC}") = "ConnectedProperties (SL)", "ConnectedProperties (SL)\ConnectedProperties (SL).csproj", "{55D9648A-BC6E-4C84-9ED9-01005B9B1AA1}"
EndProject
Project("{FAE04EC0-301F-11D3-BF4B-00C04F79EFBC}") = "ConnectedProperties (NET4, Win8, SL4, WP8)", "ConnectedProperties (NET4, Win8, SL4, WP8)\ConnectedProperties (NET4, Win8, SL4, WP8).csproj", "{B957D83A-FBC1-45CE-BF13-2D7317EC6433}"
EndProject
Global
	GlobalSection(TestCaseManagementSettings) = postSolution
		CategoryFile = Nito.ConnectedProperties.vsmdi
	EndGlobalSection
	GlobalSection(SolutionConfigurationPlatforms) = preSolution
		CodeAnalysis|Any CPU = CodeAnalysis|Any CPU
		Debug|Any CPU = Debug|Any CPU
		Release (no precondition checks)|Any CPU = Release (no precondition checks)|Any CPU
		Release|Any CPU = Release|Any CPU
	EndGlobalSection
	GlobalSection(ProjectConfigurationPlatforms) = postSolution
		{8C0F09B5-00FC-46F5-A216-F3C891C9C33A}.CodeAnalysis|Any CPU.ActiveCfg = Release|Any CPU
		{8C0F09B5-00FC-46F5-A216-F3C891C9C33A}.Debug|Any CPU.ActiveCfg = Debug|Any CPU
		{8C0F09B5-00FC-46F5-A216-F3C891C9C33A}.Debug|Any CPU.Build.0 = Debug|Any CPU
		{8C0F09B5-00FC-46F5-A216-F3C891C9C33A}.Release (no precondition checks)|Any CPU.ActiveCfg = Release (no precondition checks)|Any CPU
		{8C0F09B5-00FC-46F5-A216-F3C891C9C33A}.Release (no precondition checks)|Any CPU.Build.0 = Release (no precondition checks)|Any CPU
		{8C0F09B5-00FC-46F5-A216-F3C891C9C33A}.Release|Any CPU.ActiveCfg = Release|Any CPU
		{8C0F09B5-00FC-46F5-A216-F3C891C9C33A}.Release|Any CPU.Build.0 = Release|Any CPU
		{A2223402-841E-460F-9071-B6B6E78E8507}.CodeAnalysis|Any CPU.ActiveCfg = CodeAnalysis|Any CPU
		{A2223402-841E-460F-9071-B6B6E78E8507}.CodeAnalysis|Any CPU.Build.0 = CodeAnalysis|Any CPU
		{A2223402-841E-460F-9071-B6B6E78E8507}.Debug|Any CPU.ActiveCfg = Debug|Any CPU
		{A2223402-841E-460F-9071-B6B6E78E8507}.Debug|Any CPU.Build.0 = Debug|Any CPU
		{A2223402-841E-460F-9071-B6B6E78E8507}.Release (no precondition checks)|Any CPU.ActiveCfg = Release (no precondition checks)|Any CPU
		{A2223402-841E-460F-9071-B6B6E78E8507}.Release (no precondition checks)|Any CPU.Build.0 = Release (no precondition checks)|Any CPU
		{A2223402-841E-460F-9071-B6B6E78E8507}.Release|Any CPU.ActiveCfg = Release|Any CPU
		{A2223402-841E-460F-9071-B6B6E78E8507}.Release|Any CPU.Build.0 = Release|Any CPU
		{55D9648A-BC6E-4C84-9ED9-01005B9B1AA1}.CodeAnalysis|Any CPU.ActiveCfg = CodeAnalysis|Any CPU
		{55D9648A-BC6E-4C84-9ED9-01005B9B1AA1}.CodeAnalysis|Any CPU.Build.0 = CodeAnalysis|Any CPU
		{55D9648A-BC6E-4C84-9ED9-01005B9B1AA1}.Debug|Any CPU.ActiveCfg = Debug|Any CPU
		{55D9648A-BC6E-4C84-9ED9-01005B9B1AA1}.Debug|Any CPU.Build.0 = Debug|Any CPU
		{55D9648A-BC6E-4C84-9ED9-01005B9B1AA1}.Release (no precondition checks)|Any CPU.ActiveCfg = Release (no precondition checks)|Any CPU
		{55D9648A-BC6E-4C84-9ED9-01005B9B1AA1}.Release (no precondition checks)|Any CPU.Build.0 = Release (no precondition checks)|Any CPU
		{55D9648A-BC6E-4C84-9ED9-01005B9B1AA1}.Release|Any CPU.ActiveCfg = Release|Any CPU
		{55D9648A-BC6E-4C84-9ED9-01005B9B1AA1}.Release|Any CPU.Build.0 = Release|Any CPU
		{B957D83A-FBC1-45CE-BF13-2D7317EC6433}.CodeAnalysis|Any CPU.ActiveCfg = Release|Any CPU
		{B957D83A-FBC1-45CE-BF13-2D7317EC6433}.CodeAnalysis|Any CPU.Build.0 = Release|Any CPU
		{B957D83A-FBC1-45CE-BF13-2D7317EC6433}.Debug|Any CPU.ActiveCfg = Debug|Any CPU
		{B957D83A-FBC1-45CE-BF13-2D7317EC6433}.Debug|Any CPU.Build.0 = Debug|Any CPU
		{B957D83A-FBC1-45CE-BF13-2D7317EC6433}.Release (no precondition checks)|Any CPU.ActiveCfg = Release|Any CPU
		{B957D83A-FBC1-45CE-BF13-2D7317EC6433}.Release (no precondition checks)|Any CPU.Build.0 = Release|Any CPU
		{B957D83A-FBC1-45CE-BF13-2D7317EC6433}.Release|Any CPU.ActiveCfg = Release|Any CPU
		{B957D83A-FBC1-45CE-BF13-2D7317EC6433}.Release|Any CPU.Build.0 = Release|Any CPU
	EndGlobalSection
	GlobalSection(SolutionProperties) = preSolution
		HideSolutionNode = FALSE
	EndGlobalSection
EndGlobal
